
Microsoft Visual Studio Solution File, Format Version 12.00
# Visual Studio 15
VisualStudioVersion = 15.0.28010.2048
MinimumVisualStudioVersion = 10.0.40219.1
Project("{FAE04EC0-301F-11D3-BF4B-00C04F79EFBC}") = "PureCloudCallsMonitoring", "PureCloudCallsMonitoring\PureCloudCallsMonitoring.csproj", "{70DA3367-892B-4211-B0FF-0FCB2C8B2B07}"
EndProject
Project("{930C7802-8A8C-48F9-8165-68863BCCD9DD}") = "Setup", "Setup\Setup.wixproj", "{8A55D094-B6C1-41EC-A7DC-7C28E4DA6086}"
EndProject
Global
	GlobalSection(SolutionConfigurationPlatforms) = preSolution
		Debug|Any CPU = Debug|Any CPU
		Debug|x86 = Debug|x86
		Release|Any CPU = Release|Any CPU
		Release|x86 = Release|x86
	EndGlobalSection
	GlobalSection(ProjectConfigurationPlatforms) = postSolution
		{70DA3367-892B-4211-B0FF-0FCB2C8B2B07}.Debug|Any CPU.ActiveCfg = Debug|Any CPU
		{70DA3367-892B-4211-B0FF-0FCB2C8B2B07}.Debug|Any CPU.Build.0 = Debug|Any CPU
		{70DA3367-892B-4211-B0FF-0FCB2C8B2B07}.Debug|x86.ActiveCfg = Debug|Any CPU
		{70DA3367-892B-4211-B0FF-0FCB2C8B2B07}.Debug|x86.Build.0 = Debug|Any CPU
		{70DA3367-892B-4211-B0FF-0FCB2C8B2B07}.Release|Any CPU.ActiveCfg = Release|Any CPU
		{70DA3367-892B-4211-B0FF-0FCB2C8B2B07}.Release|Any CPU.Build.0 = Release|Any CPU
		{70DA3367-892B-4211-B0FF-0FCB2C8B2B07}.Release|x86.ActiveCfg = Release|Any CPU
		{70DA3367-892B-4211-B0FF-0FCB2C8B2B07}.Release|x86.Build.0 = Release|Any CPU
		{8A55D094-B6C1-41EC-A7DC-7C28E4DA6086}.Debug|Any CPU.ActiveCfg = Debug|x86
		{8A55D094-B6C1-41EC-A7DC-7C28E4DA6086}.Debug|x86.ActiveCfg = Debug|x86
		{8A55D094-B6C1-41EC-A7DC-7C28E4DA6086}.Debug|x86.Build.0 = Debug|x86
		{8A55D094-B6C1-41EC-A7DC-7C28E4DA6086}.Release|Any CPU.ActiveCfg = Release|x86
		{8A55D094-B6C1-41EC-A7DC-7C28E4DA6086}.Release|x86.ActiveCfg = Release|x86
		{8A55D094-B6C1-41EC-A7DC-7C28E4DA6086}.Release|x86.Build.0 = Release|x86
	EndGlobalSection
	GlobalSection(SolutionProperties) = preSolution
		HideSolutionNode = FALSE
	EndGlobalSection
	GlobalSection(ExtensibilityGlobals) = postSolution
		SolutionGuid = {1CA93CC5-2C0D-435E-847A-984B4C49431F}
	EndGlobalSection
EndGlobal
